
Microsoft Visual Studio Solution File, Format Version 12.00
# Visual Studio Version 17
VisualStudioVersion = 17.0.32014.148
MinimumVisualStudioVersion = 10.0.40219.1
Project("{9A19103F-16F7-4668-BE54-9A1E7A4F7556}") = "AutoItemTemplate", "CustomLibrary\AutoItemTemplate.csproj", "{6240EA71-646A-4DFB-9FB0-ACB782B885B8}"
EndProject
Project("{FAE04EC0-301F-11D3-BF4B-00C04F79EFBC}") = "ManualItemTemplate", "VSTemplates\ManualItemTemplate\ManualItemTemplate.csproj", "{EDE04820-AE55-4097-8100-3D839A485653}"
EndProject
Global
	GlobalSection(SolutionConfigurationPlatforms) = preSolution
		Debug|Any CPU = Debug|Any CPU
		Debug|x86 = Debug|x86
		Release|Any CPU = Release|Any CPU
		Release|x86 = Release|x86
	EndGlobalSection
	GlobalSection(ProjectConfigurationPlatforms) = postSolution
		{6240EA71-646A-4DFB-9FB0-ACB782B885B8}.Debug|Any CPU.ActiveCfg = Debug|Any CPU
		{6240EA71-646A-4DFB-9FB0-ACB782B885B8}.Debug|Any CPU.Build.0 = Debug|Any CPU
		{6240EA71-646A-4DFB-9FB0-ACB782B885B8}.Debug|x86.ActiveCfg = Debug|Any CPU
		{6240EA71-646A-4DFB-9FB0-ACB782B885B8}.Debug|x86.Build.0 = Debug|Any CPU
		{6240EA71-646A-4DFB-9FB0-ACB782B885B8}.Release|Any CPU.ActiveCfg = Release|Any CPU
		{6240EA71-646A-4DFB-9FB0-ACB782B885B8}.Release|Any CPU.Build.0 = Release|Any CPU
		{6240EA71-646A-4DFB-9FB0-ACB782B885B8}.Release|x86.ActiveCfg = Release|Any CPU
		{6240EA71-646A-4DFB-9FB0-ACB782B885B8}.Release|x86.Build.0 = Release|Any CPU
		{EDE04820-AE55-4097-8100-3D839A485653}.Debug|Any CPU.ActiveCfg = Debug|Any CPU
		{EDE04820-AE55-4097-8100-3D839A485653}.Debug|Any CPU.Build.0 = Debug|Any CPU
		{EDE04820-AE55-4097-8100-3D839A485653}.Debug|x86.ActiveCfg = Debug|x86
		{EDE04820-AE55-4097-8100-3D839A485653}.Debug|x86.Build.0 = Debug|x86
		{EDE04820-AE55-4097-8100-3D839A485653}.Release|Any CPU.ActiveCfg = Release|Any CPU
		{EDE04820-AE55-4097-8100-3D839A485653}.Release|Any CPU.Build.0 = Release|Any CPU
		{EDE04820-AE55-4097-8100-3D839A485653}.Release|x86.ActiveCfg = Release|x86
		{EDE04820-AE55-4097-8100-3D839A485653}.Release|x86.Build.0 = Release|x86
	EndGlobalSection
	GlobalSection(SolutionProperties) = preSolution
		HideSolutionNode = FALSE
	EndGlobalSection
	GlobalSection(ExtensibilityGlobals) = postSolution
		SolutionGuid = {A7258456-B50F-4C85-85E2-962FC35F33A5}
	EndGlobalSection
EndGlobal
